// !$*UTF8*$!
{
	archiveVersion = 1;
	classes = {
	};
	objectVersion = 46;
	objects = {

/* Begin PBXBuildFile section */
		C01BCE881D932A8F00B69FF4 /* CGamePlayingCardGameViewController.m in Sources */ = {isa = PBXBuildFile; fileRef = C01BCE871D932A8F00B69FF4 /* CGamePlayingCardGameViewController.m */; };
		C01BCE8B1D932B7C00B69FF4 /* CGameHistoryViewController.m in Sources */ = {isa = PBXBuildFile; fileRef = C01BCE8A1D932B7C00B69FF4 /* CGameHistoryViewController.m */; };
		C0C2D10A1D8384FF00224BEB /* main.m in Sources */ = {isa = PBXBuildFile; fileRef = C0C2D1091D8384FF00224BEB /* main.m */; };
		C0C2D10D1D8384FF00224BEB /* AppDelegate.m in Sources */ = {isa = PBXBuildFile; fileRef = C0C2D10C1D8384FF00224BEB /* AppDelegate.m */; };
		C0C2D1101D8384FF00224BEB /* ViewController.m in Sources */ = {isa = PBXBuildFile; fileRef = C0C2D10F1D8384FF00224BEB /* ViewController.m */; };
		C0C2D1131D8384FF00224BEB /* Main.storyboard in Resources */ = {isa = PBXBuildFile; fileRef = C0C2D1111D8384FF00224BEB /* Main.storyboard */; };
		C0C2D1151D8384FF00224BEB /* Assets.xcassets in Resources */ = {isa = PBXBuildFile; fileRef = C0C2D1141D8384FF00224BEB /* Assets.xcassets */; };
		C0C2D1181D8384FF00224BEB /* LaunchScreen.storyboard in Resources */ = {isa = PBXBuildFile; fileRef = C0C2D1161D8384FF00224BEB /* LaunchScreen.storyboard */; };
		C0C2D1231D8384FF00224BEB /* CardGameTests.m in Sources */ = {isa = PBXBuildFile; fileRef = C0C2D1221D8384FF00224BEB /* CardGameTests.m */; };
		C0C2D12E1D8384FF00224BEB /* CardGameUITests.m in Sources */ = {isa = PBXBuildFile; fileRef = C0C2D12D1D8384FF00224BEB /* CardGameUITests.m */; };
		C0C2D14C1D8707E600224BEB /* CGameDeck.m in Sources */ = {isa = PBXBuildFile; fileRef = C0C2D14B1D8707E600224BEB /* CGameDeck.m */; };
		C0C2D14F1D87087700224BEB /* CGameCard.m in Sources */ = {isa = PBXBuildFile; fileRef = C0C2D14E1D87087700224BEB /* CGameCard.m */; };
		C0C2D1561D8712BD00224BEB /* CGamePlayingCard.m in Sources */ = {isa = PBXBuildFile; fileRef = C0C2D1551D8712BD00224BEB /* CGamePlayingCard.m */; };
		C0C2D1591D871D9900224BEB /* CGamePlayingCardDeck.m in Sources */ = {isa = PBXBuildFile; fileRef = C0C2D1581D871D9900224BEB /* CGamePlayingCardDeck.m */; };
		C0C2D15D1D877A7A00224BEB /* CGameCardMatchingGame.m in Sources */ = {isa = PBXBuildFile; fileRef = C0C2D15C1D877A7A00224BEB /* CGameCardMatchingGame.m */; };
		C0FBCCD01D90510C007F0981 /* CGameSetCard.m in Sources */ = {isa = PBXBuildFile; fileRef = C0FBCCCF1D90510C007F0981 /* CGameSetCard.m */; };
		C0FBCCD31D906209007F0981 /* CGameSetCardDeck.m in Sources */ = {isa = PBXBuildFile; fileRef = C0FBCCD21D906209007F0981 /* CGameSetCardDeck.m */; };
		C0FBCCD91D907A90007F0981 /* CGameSetGameViewController.m in Sources */ = {isa = PBXBuildFile; fileRef = C0FBCCD81D907A90007F0981 /* CGameSetGameViewController.m */; };
		C0FBCCDC1D907E11007F0981 /* CGameSetMatchingGame.m in Sources */ = {isa = PBXBuildFile; fileRef = C0FBCCDB1D907E11007F0981 /* CGameSetMatchingGame.m */; };
/* End PBXBuildFile section */

/* Begin PBXContainerItemProxy section */
		C0C2D11F1D8384FF00224BEB /* PBXContainerItemProxy */ = {
			isa = PBXContainerItemProxy;
			containerPortal = C0C2D0FD1D8384FF00224BEB /* Project object */;
			proxyType = 1;
			remoteGlobalIDString = C0C2D1041D8384FF00224BEB;
			remoteInfo = CardGame;
		};
		C0C2D12A1D8384FF00224BEB /* PBXContainerItemProxy */ = {
			isa = PBXContainerItemProxy;
			containerPortal = C0C2D0FD1D8384FF00224BEB /* Project object */;
			proxyType = 1;
			remoteGlobalIDString = C0C2D1041D8384FF00224BEB;
			remoteInfo = CardGame;
		};
/* End PBXContainerItemProxy section */

/* Begin PBXFileReference section */
		C01BCE861D932A8F00B69FF4 /* CGamePlayingCardGameViewController.h */ = {isa = PBXFileReference; fileEncoding = 4; lastKnownFileType = sourcecode.c.h; path = CGamePlayingCardGameViewController.h; sourceTree = "<group>"; };
		C01BCE871D932A8F00B69FF4 /* CGamePlayingCardGameViewController.m */ = {isa = PBXFileReference; fileEncoding = 4; lastKnownFileType = sourcecode.c.objc; path = CGamePlayingCardGameViewController.m; sourceTree = "<group>"; };
		C01BCE891D932B7C00B69FF4 /* CGameHistoryViewController.h */ = {isa = PBXFileReference; fileEncoding = 4; lastKnownFileType = sourcecode.c.h; path = CGameHistoryViewController.h; sourceTree = "<group>"; };
		C01BCE8A1D932B7C00B69FF4 /* CGameHistoryViewController.m */ = {isa = PBXFileReference; fileEncoding = 4; lastKnownFileType = sourcecode.c.objc; path = CGameHistoryViewController.m; sourceTree = "<group>"; };
		C0C2D1051D8384FF00224BEB /* CardGame.app */ = {isa = PBXFileReference; explicitFileType = wrapper.application; includeInIndex = 0; path = CardGame.app; sourceTree = BUILT_PRODUCTS_DIR; };
		C0C2D1091D8384FF00224BEB /* main.m */ = {isa = PBXFileReference; lastKnownFileType = sourcecode.c.objc; path = main.m; sourceTree = "<group>"; };
		C0C2D10B1D8384FF00224BEB /* AppDelegate.h */ = {isa = PBXFileReference; lastKnownFileType = sourcecode.c.h; path = AppDelegate.h; sourceTree = "<group>"; };
		C0C2D10C1D8384FF00224BEB /* AppDelegate.m */ = {isa = PBXFileReference; lastKnownFileType = sourcecode.c.objc; path = AppDelegate.m; sourceTree = "<group>"; };
		C0C2D10E1D8384FF00224BEB /* ViewController.h */ = {isa = PBXFileReference; lastKnownFileType = sourcecode.c.h; path = ViewController.h; sourceTree = "<group>"; };
		C0C2D10F1D8384FF00224BEB /* ViewController.m */ = {isa = PBXFileReference; lastKnownFileType = sourcecode.c.objc; path = ViewController.m; sourceTree = "<group>"; };
		C0C2D1121D8384FF00224BEB /* Base */ = {isa = PBXFileReference; lastKnownFileType = file.storyboard; name = Base; path = Base.lproj/Main.storyboard; sourceTree = "<group>"; };
		C0C2D1141D8384FF00224BEB /* Assets.xcassets */ = {isa = PBXFileReference; lastKnownFileType = folder.assetcatalog; path = Assets.xcassets; sourceTree = "<group>"; };
		C0C2D1171D8384FF00224BEB /* Base */ = {isa = PBXFileReference; lastKnownFileType = file.storyboard; name = Base; path = Base.lproj/LaunchScreen.storyboard; sourceTree = "<group>"; };
		C0C2D1191D8384FF00224BEB /* Info.plist */ = {isa = PBXFileReference; lastKnownFileType = text.plist.xml; path = Info.plist; sourceTree = "<group>"; };
		C0C2D11E1D8384FF00224BEB /* CardGameTests.xctest */ = {isa = PBXFileReference; explicitFileType = wrapper.cfbundle; includeInIndex = 0; path = CardGameTests.xctest; sourceTree = BUILT_PRODUCTS_DIR; };
		C0C2D1221D8384FF00224BEB /* CardGameTests.m */ = {isa = PBXFileReference; lastKnownFileType = sourcecode.c.objc; path = CardGameTests.m; sourceTree = "<group>"; };
		C0C2D1241D8384FF00224BEB /* Info.plist */ = {isa = PBXFileReference; lastKnownFileType = text.plist.xml; path = Info.plist; sourceTree = "<group>"; };
		C0C2D1291D8384FF00224BEB /* CardGameUITests.xctest */ = {isa = PBXFileReference; explicitFileType = wrapper.cfbundle; includeInIndex = 0; path = CardGameUITests.xctest; sourceTree = BUILT_PRODUCTS_DIR; };
		C0C2D12D1D8384FF00224BEB /* CardGameUITests.m */ = {isa = PBXFileReference; lastKnownFileType = sourcecode.c.objc; path = CardGameUITests.m; sourceTree = "<group>"; };
		C0C2D12F1D8384FF00224BEB /* Info.plist */ = {isa = PBXFileReference; lastKnownFileType = text.plist.xml; path = Info.plist; sourceTree = "<group>"; };
		C0C2D14A1D8707E600224BEB /* CGameDeck.h */ = {isa = PBXFileReference; fileEncoding = 4; lastKnownFileType = sourcecode.c.h; path = CGameDeck.h; sourceTree = "<group>"; };
		C0C2D14B1D8707E600224BEB /* CGameDeck.m */ = {isa = PBXFileReference; fileEncoding = 4; lastKnownFileType = sourcecode.c.objc; path = CGameDeck.m; sourceTree = "<group>"; };
		C0C2D14D1D87087700224BEB /* CGameCard.h */ = {isa = PBXFileReference; fileEncoding = 4; lastKnownFileType = sourcecode.c.h; path = CGameCard.h; sourceTree = "<group>"; };
		C0C2D14E1D87087700224BEB /* CGameCard.m */ = {isa = PBXFileReference; fileEncoding = 4; lastKnownFileType = sourcecode.c.objc; path = CGameCard.m; sourceTree = "<group>"; };
		C0C2D1541D8712BD00224BEB /* CGamePlayingCard.h */ = {isa = PBXFileReference; fileEncoding = 4; lastKnownFileType = sourcecode.c.h; path = CGamePlayingCard.h; sourceTree = "<group>"; };
		C0C2D1551D8712BD00224BEB /* CGamePlayingCard.m */ = {isa = PBXFileReference; fileEncoding = 4; lastKnownFileType = sourcecode.c.objc; path = CGamePlayingCard.m; sourceTree = "<group>"; };
		C0C2D1571D871D9900224BEB /* CGamePlayingCardDeck.h */ = {isa = PBXFileReference; fileEncoding = 4; lastKnownFileType = sourcecode.c.h; path = CGamePlayingCardDeck.h; sourceTree = "<group>"; };
		C0C2D1581D871D9900224BEB /* CGamePlayingCardDeck.m */ = {isa = PBXFileReference; fileEncoding = 4; lastKnownFileType = sourcecode.c.objc; path = CGamePlayingCardDeck.m; sourceTree = "<group>"; };
		C0C2D15B1D877A7A00224BEB /* CGameCardMatchingGame.h */ = {isa = PBXFileReference; fileEncoding = 4; lastKnownFileType = sourcecode.c.h; path = CGameCardMatchingGame.h; sourceTree = "<group>"; };
		C0C2D15C1D877A7A00224BEB /* CGameCardMatchingGame.m */ = {isa = PBXFileReference; fileEncoding = 4; lastKnownFileType = sourcecode.c.objc; path = CGameCardMatchingGame.m; sourceTree = "<group>"; };
		C0FBCCCE1D90510C007F0981 /* CGameSetCard.h */ = {isa = PBXFileReference; fileEncoding = 4; lastKnownFileType = sourcecode.c.h; path = CGameSetCard.h; sourceTree = "<group>"; };
		C0FBCCCF1D90510C007F0981 /* CGameSetCard.m */ = {isa = PBXFileReference; fileEncoding = 4; lastKnownFileType = sourcecode.c.objc; path = CGameSetCard.m; sourceTree = "<group>"; };
		C0FBCCD11D906209007F0981 /* CGameSetCardDeck.h */ = {isa = PBXFileReference; fileEncoding = 4; lastKnownFileType = sourcecode.c.h; path = CGameSetCardDeck.h; sourceTree = "<group>"; };
		C0FBCCD21D906209007F0981 /* CGameSetCardDeck.m */ = {isa = PBXFileReference; fileEncoding = 4; lastKnownFileType = sourcecode.c.objc; path = CGameSetCardDeck.m; sourceTree = "<group>"; };
		C0FBCCD71D907A90007F0981 /* CGameSetGameViewController.h */ = {isa = PBXFileReference; fileEncoding = 4; lastKnownFileType = sourcecode.c.h; path = CGameSetGameViewController.h; sourceTree = "<group>"; };
		C0FBCCD81D907A90007F0981 /* CGameSetGameViewController.m */ = {isa = PBXFileReference; fileEncoding = 4; lastKnownFileType = sourcecode.c.objc; path = CGameSetGameViewController.m; sourceTree = "<group>"; };
		C0FBCCDA1D907E11007F0981 /* CGameSetMatchingGame.h */ = {isa = PBXFileReference; fileEncoding = 4; lastKnownFileType = sourcecode.c.h; path = CGameSetMatchingGame.h; sourceTree = "<group>"; };
		C0FBCCDB1D907E11007F0981 /* CGameSetMatchingGame.m */ = {isa = PBXFileReference; fileEncoding = 4; lastKnownFileType = sourcecode.c.objc; path = CGameSetMatchingGame.m; sourceTree = "<group>"; };
/* End PBXFileReference section */

/* Begin PBXFrameworksBuildPhase section */
		C0C2D1021D8384FF00224BEB /* Frameworks */ = {
			isa = PBXFrameworksBuildPhase;
			buildActionMask = 2147483647;
			files = (
			);
			runOnlyForDeploymentPostprocessing = 0;
		};
		C0C2D11B1D8384FF00224BEB /* Frameworks */ = {
			isa = PBXFrameworksBuildPhase;
			buildActionMask = 2147483647;
			files = (
			);
			runOnlyForDeploymentPostprocessing = 0;
		};
		C0C2D1261D8384FF00224BEB /* Frameworks */ = {
			isa = PBXFrameworksBuildPhase;
			buildActionMask = 2147483647;
			files = (
			);
			runOnlyForDeploymentPostprocessing = 0;
		};
/* End PBXFrameworksBuildPhase section */

/* Begin PBXGroup section */
		C01BCE851D9327D700B69FF4 /* Controllers */ = {
			isa = PBXGroup;
			children = (
				C0FBCCD71D907A90007F0981 /* CGameSetGameViewController.h */,
				C0FBCCD81D907A90007F0981 /* CGameSetGameViewController.m */,
				C0C2D10E1D8384FF00224BEB /* ViewController.h */,
				C0C2D10F1D8384FF00224BEB /* ViewController.m */,
				C01BCE861D932A8F00B69FF4 /* CGamePlayingCardGameViewController.h */,
				C01BCE871D932A8F00B69FF4 /* CGamePlayingCardGameViewController.m */,
				C01BCE891D932B7C00B69FF4 /* CGameHistoryViewController.h */,
				C01BCE8A1D932B7C00B69FF4 /* CGameHistoryViewController.m */,
			);
			name = Controllers;
			sourceTree = "<group>";
		};
		C0C2D0FC1D8384FF00224BEB = {
			isa = PBXGroup;
			children = (
				C0C2D1071D8384FF00224BEB /* CardGame */,
				C0C2D1211D8384FF00224BEB /* CardGameTests */,
				C0C2D12C1D8384FF00224BEB /* CardGameUITests */,
				C0C2D1061D8384FF00224BEB /* Products */,
			);
			sourceTree = "<group>";
		};
		C0C2D1061D8384FF00224BEB /* Products */ = {
			isa = PBXGroup;
			children = (
				C0C2D1051D8384FF00224BEB /* CardGame.app */,
				C0C2D11E1D8384FF00224BEB /* CardGameTests.xctest */,
				C0C2D1291D8384FF00224BEB /* CardGameUITests.xctest */,
			);
			name = Products;
			sourceTree = "<group>";
		};
		C0C2D1071D8384FF00224BEB /* CardGame */ = {
			isa = PBXGroup;
			children = (
				C01BCE851D9327D700B69FF4 /* Controllers */,
				C0C2D15A1D87644C00224BEB /* Model */,
				C0C2D10B1D8384FF00224BEB /* AppDelegate.h */,
				C0C2D10C1D8384FF00224BEB /* AppDelegate.m */,
				C0C2D1111D8384FF00224BEB /* Main.storyboard */,
				C0C2D1141D8384FF00224BEB /* Assets.xcassets */,
				C0C2D1161D8384FF00224BEB /* LaunchScreen.storyboard */,
				C0C2D1191D8384FF00224BEB /* Info.plist */,
				C0C2D1081D8384FF00224BEB /* Supporting Files */,
			);
			path = CardGame;
			sourceTree = "<group>";
		};
		C0C2D1081D8384FF00224BEB /* Supporting Files */ = {
			isa = PBXGroup;
			children = (
				C0C2D1091D8384FF00224BEB /* main.m */,
			);
			name = "Supporting Files";
			sourceTree = "<group>";
		};
		C0C2D1211D8384FF00224BEB /* CardGameTests */ = {
			isa = PBXGroup;
			children = (
				C0C2D1221D8384FF00224BEB /* CardGameTests.m */,
				C0C2D1241D8384FF00224BEB /* Info.plist */,
			);
			path = CardGameTests;
			sourceTree = "<group>";
		};
		C0C2D12C1D8384FF00224BEB /* CardGameUITests */ = {
			isa = PBXGroup;
			children = (
				C0C2D12D1D8384FF00224BEB /* CardGameUITests.m */,
				C0C2D12F1D8384FF00224BEB /* Info.plist */,
			);
			path = CardGameUITests;
			sourceTree = "<group>";
		};
		C0C2D15A1D87644C00224BEB /* Model */ = {
			isa = PBXGroup;
			children = (
				C0C2D14A1D8707E600224BEB /* CGameDeck.h */,
				C0C2D14B1D8707E600224BEB /* CGameDeck.m */,
				C0C2D14D1D87087700224BEB /* CGameCard.h */,
				C0C2D14E1D87087700224BEB /* CGameCard.m */,
				C0C2D1541D8712BD00224BEB /* CGamePlayingCard.h */,
				C0C2D1551D8712BD00224BEB /* CGamePlayingCard.m */,
				C0C2D1571D871D9900224BEB /* CGamePlayingCardDeck.h */,
				C0C2D1581D871D9900224BEB /* CGamePlayingCardDeck.m */,
				C0C2D15B1D877A7A00224BEB /* CGameCardMatchingGame.h */,
				C0C2D15C1D877A7A00224BEB /* CGameCardMatchingGame.m */,
				C0FBCCCE1D90510C007F0981 /* CGameSetCard.h */,
				C0FBCCCF1D90510C007F0981 /* CGameSetCard.m */,
				C0FBCCD11D906209007F0981 /* CGameSetCardDeck.h */,
				C0FBCCD21D906209007F0981 /* CGameSetCardDeck.m */,
				C0FBCCDA1D907E11007F0981 /* CGameSetMatchingGame.h */,
				C0FBCCDB1D907E11007F0981 /* CGameSetMatchingGame.m */,
			);
			name = Model;
			sourceTree = "<group>";
		};
/* End PBXGroup section */

/* Begin PBXNativeTarget section */
		C0C2D1041D8384FF00224BEB /* CardGame */ = {
			isa = PBXNativeTarget;
			buildConfigurationList = C0C2D1321D8384FF00224BEB /* Build configuration list for PBXNativeTarget "CardGame" */;
			buildPhases = (
				C0C2D1011D8384FF00224BEB /* Sources */,
				C0C2D1021D8384FF00224BEB /* Frameworks */,
				C0C2D1031D8384FF00224BEB /* Resources */,
			);
			buildRules = (
			);
			dependencies = (
			);
			name = CardGame;
			productName = CardGame;
			productReference = C0C2D1051D8384FF00224BEB /* CardGame.app */;
			productType = "com.apple.product-type.application";
		};
		C0C2D11D1D8384FF00224BEB /* CardGameTests */ = {
			isa = PBXNativeTarget;
			buildConfigurationList = C0C2D1351D8384FF00224BEB /* Build configuration list for PBXNativeTarget "CardGameTests" */;
			buildPhases = (
				C0C2D11A1D8384FF00224BEB /* Sources */,
				C0C2D11B1D8384FF00224BEB /* Frameworks */,
				C0C2D11C1D8384FF00224BEB /* Resources */,
			);
			buildRules = (
			);
			dependencies = (
				C0C2D1201D8384FF00224BEB /* PBXTargetDependency */,
			);
			name = CardGameTests;
			productName = CardGameTests;
			productReference = C0C2D11E1D8384FF00224BEB /* CardGameTests.xctest */;
			productType = "com.apple.product-type.bundle.unit-test";
		};
		C0C2D1281D8384FF00224BEB /* CardGameUITests */ = {
			isa = PBXNativeTarget;
			buildConfigurationList = C0C2D1381D8384FF00224BEB /* Build configuration list for PBXNativeTarget "CardGameUITests" */;
			buildPhases = (
				C0C2D1251D8384FF00224BEB /* Sources */,
				C0C2D1261D8384FF00224BEB /* Frameworks */,
				C0C2D1271D8384FF00224BEB /* Resources */,
			);
			buildRules = (
			);
			dependencies = (
				C0C2D12B1D8384FF00224BEB /* PBXTargetDependency */,
			);
			name = CardGameUITests;
			productName = CardGameUITests;
			productReference = C0C2D1291D8384FF00224BEB /* CardGameUITests.xctest */;
			productType = "com.apple.product-type.bundle.ui-testing";
		};
/* End PBXNativeTarget section */

/* Begin PBXProject section */
		C0C2D0FD1D8384FF00224BEB /* Project object */ = {
			isa = PBXProject;
			attributes = {
				CLASSPREFIX = CGame;
				LastUpgradeCheck = 0730;
				ORGANIZATIONNAME = "Gabriel Enrique Echeverria Mira";
				TargetAttributes = {
					C0C2D1041D8384FF00224BEB = {
						CreatedOnToolsVersion = 7.3.1;
					};
					C0C2D11D1D8384FF00224BEB = {
						CreatedOnToolsVersion = 7.3.1;
						TestTargetID = C0C2D1041D8384FF00224BEB;
					};
					C0C2D1281D8384FF00224BEB = {
						CreatedOnToolsVersion = 7.3.1;
						TestTargetID = C0C2D1041D8384FF00224BEB;
					};
				};
			};
			buildConfigurationList = C0C2D1001D8384FF00224BEB /* Build configuration list for PBXProject "CardGame" */;
			compatibilityVersion = "Xcode 3.2";
			developmentRegion = English;
			hasScannedForEncodings = 0;
			knownRegions = (
				en,
				Base,
			);
			mainGroup = C0C2D0FC1D8384FF00224BEB;
			productRefGroup = C0C2D1061D8384FF00224BEB /* Products */;
			projectDirPath = "";
			projectRoot = "";
			targets = (
				C0C2D1041D8384FF00224BEB /* CardGame */,
				C0C2D11D1D8384FF00224BEB /* CardGameTests */,
				C0C2D1281D8384FF00224BEB /* CardGameUITests */,
			);
		};
/* End PBXProject section */

/* Begin PBXResourcesBuildPhase section */
		C0C2D1031D8384FF00224BEB /* Resources */ = {
			isa = PBXResourcesBuildPhase;
			buildActionMask = 2147483647;
			files = (
				C0C2D1181D8384FF00224BEB /* LaunchScreen.storyboard in Resources */,
				C0C2D1151D8384FF00224BEB /* Assets.xcassets in Resources */,
				C0C2D1131D8384FF00224BEB /* Main.storyboard in Resources */,
			);
			runOnlyForDeploymentPostprocessing = 0;
		};
		C0C2D11C1D8384FF00224BEB /* Resources */ = {
			isa = PBXResourcesBuildPhase;
			buildActionMask = 2147483647;
			files = (
			);
			runOnlyForDeploymentPostprocessing = 0;
		};
		C0C2D1271D8384FF00224BEB /* Resources */ = {
			isa = PBXResourcesBuildPhase;
			buildActionMask = 2147483647;
			files = (
			);
			runOnlyForDeploymentPostprocessing = 0;
		};
/* End PBXResourcesBuildPhase section */

/* Begin PBXSourcesBuildPhase section */
		C0C2D1011D8384FF00224BEB /* Sources */ = {
			isa = PBXSourcesBuildPhase;
			buildActionMask = 2147483647;
			files = (
				C0C2D1591D871D9900224BEB /* CGamePlayingCardDeck.m in Sources */,
				C01BCE881D932A8F00B69FF4 /* CGamePlayingCardGameViewController.m in Sources */,
				C0C2D1101D8384FF00224BEB /* ViewController.m in Sources */,
				C0FBCCD01D90510C007F0981 /* CGameSetCard.m in Sources */,
				C0C2D10D1D8384FF00224BEB /* AppDelegate.m in Sources */,
				C01BCE8B1D932B7C00B69FF4 /* CGameHistoryViewController.m in Sources */,
				C0C2D1561D8712BD00224BEB /* CGamePlayingCard.m in Sources */,
				C0C2D10A1D8384FF00224BEB /* main.m in Sources */,
				C0C2D14F1D87087700224BEB /* CGameCard.m in Sources */,
				C0FBCCDC1D907E11007F0981 /* CGameSetMatchingGame.m in Sources */,
				C0FBCCD31D906209007F0981 /* CGameSetCardDeck.m in Sources */,
				C0FBCCD91D907A90007F0981 /* CGameSetGameViewController.m in Sources */,
				C0C2D15D1D877A7A00224BEB /* CGameCardMatchingGame.m in Sources */,
				C0C2D14C1D8707E600224BEB /* CGameDeck.m in Sources */,
			);
			runOnlyForDeploymentPostprocessing = 0;
		};
		C0C2D11A1D8384FF00224BEB /* Sources */ = {
			isa = PBXSourcesBuildPhase;
			buildActionMask = 2147483647;
			files = (
				C0C2D1231D8384FF00224BEB /* CardGameTests.m in Sources */,
			);
			runOnlyForDeploymentPostprocessing = 0;
		};
		C0C2D1251D8384FF00224BEB /* Sources */ = {
			isa = PBXSourcesBuildPhase;
			buildActionMask = 2147483647;
			files = (
				C0C2D12E1D8384FF00224BEB /* CardGameUITests.m in Sources */,
			);
			runOnlyForDeploymentPostprocessing = 0;
		};
/* End PBXSourcesBuildPhase section */

/* Begin PBXTargetDependency section */
		C0C2D1201D8384FF00224BEB /* PBXTargetDependency */ = {
			isa = PBXTargetDependency;
			target = C0C2D1041D8384FF00224BEB /* CardGame */;
			targetProxy = C0C2D11F1D8384FF00224BEB /* PBXContainerItemProxy */;
		};
		C0C2D12B1D8384FF00224BEB /* PBXTargetDependency */ = {
			isa = PBXTargetDependency;
			target = C0C2D1041D8384FF00224BEB /* CardGame */;
			targetProxy = C0C2D12A1D8384FF00224BEB /* PBXContainerItemProxy */;
		};
/* End PBXTargetDependency section */

/* Begin PBXVariantGroup section */
		C0C2D1111D8384FF00224BEB /* Main.storyboard */ = {
			isa = PBXVariantGroup;
			children = (
				C0C2D1121D8384FF00224BEB /* Base */,
			);
			name = Main.storyboard;
			sourceTree = "<group>";
		};
		C0C2D1161D8384FF00224BEB /* LaunchScreen.storyboard */ = {
			isa = PBXVariantGroup;
			children = (
				C0C2D1171D8384FF00224BEB /* Base */,
			);
			name = LaunchScreen.storyboard;
			sourceTree = "<group>";
		};
/* End PBXVariantGroup section */

/* Begin XCBuildConfiguration section */
		C0C2D1301D8384FF00224BEB /* Debug */ = {
			isa = XCBuildConfiguration;
			buildSettings = {
				ALWAYS_SEARCH_USER_PATHS = NO;
				CLANG_ANALYZER_NONNULL = YES;
				CLANG_CXX_LANGUAGE_STANDARD = "gnu++0x";
				CLANG_CXX_LIBRARY = "libc++";
				CLANG_ENABLE_MODULES = YES;
				CLANG_ENABLE_OBJC_ARC = YES;
				CLANG_WARN_BOOL_CONVERSION = YES;
				CLANG_WARN_CONSTANT_CONVERSION = YES;
				CLANG_WARN_DIRECT_OBJC_ISA_USAGE = YES_ERROR;
				CLANG_WARN_EMPTY_BODY = YES;
				CLANG_WARN_ENUM_CONVERSION = YES;
				CLANG_WARN_INT_CONVERSION = YES;
				CLANG_WARN_OBJC_ROOT_CLASS = YES_ERROR;
				CLANG_WARN_UNREACHABLE_CODE = YES;
				CLANG_WARN__DUPLICATE_METHOD_MATCH = YES;
				"CODE_SIGN_IDENTITY[sdk=iphoneos*]" = "iPhone Developer";
				COPY_PHASE_STRIP = NO;
				DEBUG_INFORMATION_FORMAT = dwarf;
				ENABLE_STRICT_OBJC_MSGSEND = YES;
				ENABLE_TESTABILITY = YES;
				GCC_C_LANGUAGE_STANDARD = gnu99;
				GCC_DYNAMIC_NO_PIC = NO;
				GCC_NO_COMMON_BLOCKS = YES;
				GCC_OPTIMIZATION_LEVEL = 0;
				GCC_PREPROCESSOR_DEFINITIONS = (
					"DEBUG=1",
					"$(inherited)",
				);
				GCC_WARN_64_TO_32_BIT_CONVERSION = YES;
				GCC_WARN_ABOUT_RETURN_TYPE = YES_ERROR;
				GCC_WARN_UNDECLARED_SELECTOR = YES;
				GCC_WARN_UNINITIALIZED_AUTOS = YES_AGGRESSIVE;
				GCC_WARN_UNUSED_FUNCTION = YES;
				GCC_WARN_UNUSED_VARIABLE = YES;
				IPHONEOS_DEPLOYMENT_TARGET = 9.3;
				MTL_ENABLE_DEBUG_INFO = YES;
				ONLY_ACTIVE_ARCH = YES;
				SDKROOT = iphoneos;
				TARGETED_DEVICE_FAMILY = "1,2";
			};
			name = Debug;
		};
		C0C2D1311D8384FF00224BEB /* Release */ = {
			isa = XCBuildConfiguration;
			buildSettings = {
				ALWAYS_SEARCH_USER_PATHS = NO;
				CLANG_ANALYZER_NONNULL = YES;
				CLANG_CXX_LANGUAGE_STANDARD = "gnu++0x";
				CLANG_CXX_LIBRARY = "libc++";
				CLANG_ENABLE_MODULES = YES;
				CLANG_ENABLE_OBJC_ARC = YES;
				CLANG_WARN_BOOL_CONVERSION = YES;
				CLANG_WARN_CONSTANT_CONVERSION = YES;
				CLANG_WARN_DIRECT_OBJC_ISA_USAGE = YES_ERROR;
				CLANG_WARN_EMPTY_BODY = YES;
				CLANG_WARN_ENUM_CONVERSION = YES;
				CLANG_WARN_INT_CONVERSION = YES;
				CLANG_WARN_OBJC_ROOT_CLASS = YES_ERROR;
				CLANG_WARN_UNREACHABLE_CODE = YES;
				CLANG_WARN__DUPLICATE_METHOD_MATCH = YES;
				"CODE_SIGN_IDENTITY[sdk=iphoneos*]" = "iPhone Developer";
				COPY_PHASE_STRIP = NO;
				DEBUG_INFORMATION_FORMAT = "dwarf-with-dsym";
				ENABLE_NS_ASSERTIONS = NO;
				ENABLE_STRICT_OBJC_MSGSEND = YES;
				GCC_C_LANGUAGE_STANDARD = gnu99;
				GCC_NO_COMMON_BLOCKS = YES;
				GCC_WARN_64_TO_32_BIT_CONVERSION = YES;
				GCC_WARN_ABOUT_RETURN_TYPE = YES_ERROR;
				GCC_WARN_UNDECLARED_SELECTOR = YES;
				GCC_WARN_UNINITIALIZED_AUTOS = YES_AGGRESSIVE;
				GCC_WARN_UNUSED_FUNCTION = YES;
				GCC_WARN_UNUSED_VARIABLE = YES;
				IPHONEOS_DEPLOYMENT_TARGET = 9.3;
				MTL_ENABLE_DEBUG_INFO = NO;
				SDKROOT = iphoneos;
				TARGETED_DEVICE_FAMILY = "1,2";
				VALIDATE_PRODUCT = YES;
			};
			name = Release;
		};
		C0C2D1331D8384FF00224BEB /* Debug */ = {
			isa = XCBuildConfiguration;
			buildSettings = {
				ASSETCATALOG_COMPILER_APPICON_NAME = AppIcon;
				INFOPLIST_FILE = CardGame/Info.plist;
				LD_RUNPATH_SEARCH_PATHS = "$(inherited) @executable_path/Frameworks";
				PRODUCT_BUNDLE_IDENTIFIER = com.tutorial.CardGame;
				PRODUCT_NAME = "$(TARGET_NAME)";
			};
			name = Debug;
		};
		C0C2D1341D8384FF00224BEB /* Release */ = {
			isa = XCBuildConfiguration;
			buildSettings = {
				ASSETCATALOG_COMPILER_APPICON_NAME = AppIcon;
				INFOPLIST_FILE = CardGame/Info.plist;
				LD_RUNPATH_SEARCH_PATHS = "$(inherited) @executable_path/Frameworks";
				PRODUCT_BUNDLE_IDENTIFIER = com.tutorial.CardGame;
				PRODUCT_NAME = "$(TARGET_NAME)";
			};
			name = Release;
		};
		C0C2D1361D8384FF00224BEB /* Debug */ = {
			isa = XCBuildConfiguration;
			buildSettings = {
				BUNDLE_LOADER = "$(TEST_HOST)";
				INFOPLIST_FILE = CardGameTests/Info.plist;
				LD_RUNPATH_SEARCH_PATHS = "$(inherited) @executable_path/Frameworks @loader_path/Frameworks";
				PRODUCT_BUNDLE_IDENTIFIER = com.tutorial.CardGameTests;
				PRODUCT_NAME = "$(TARGET_NAME)";
				TEST_HOST = "$(BUILT_PRODUCTS_DIR)/CardGame.app/CardGame";
			};
			name = Debug;
		};
		C0C2D1371D8384FF00224BEB /* Release */ = {
			isa = XCBuildConfiguration;
			buildSettings = {
				BUNDLE_LOADER = "$(TEST_HOST)";
				INFOPLIST_FILE = CardGameTests/Info.plist;
				LD_RUNPATH_SEARCH_PATHS = "$(inherited) @executable_path/Frameworks @loader_path/Frameworks";
				PRODUCT_BUNDLE_IDENTIFIER = com.tutorial.CardGameTests;
				PRODUCT_NAME = "$(TARGET_NAME)";
				TEST_HOST = "$(BUILT_PRODUCTS_DIR)/CardGame.app/CardGame";
			};
			name = Release;
		};
		C0C2D1391D8384FF00224BEB /* Debug */ = {
			isa = XCBuildConfiguration;
			buildSettings = {
				INFOPLIST_FILE = CardGameUITests/Info.plist;
				LD_RUNPATH_SEARCH_PATHS = "$(inherited) @executable_path/Frameworks @loader_path/Frameworks";
				PRODUCT_BUNDLE_IDENTIFIER = com.tutorial.CardGameUITests;
				PRODUCT_NAME = "$(TARGET_NAME)";
				TEST_TARGET_NAME = CardGame;
			};
			name = Debug;
		};
		C0C2D13A1D8384FF00224BEB /* Release */ = {
			isa = XCBuildConfiguration;
			buildSettings = {
				INFOPLIST_FILE = CardGameUITests/Info.plist;
				LD_RUNPATH_SEARCH_PATHS = "$(inherited) @executable_path/Frameworks @loader_path/Frameworks";
				PRODUCT_BUNDLE_IDENTIFIER = com.tutorial.CardGameUITests;
				PRODUCT_NAME = "$(TARGET_NAME)";
				TEST_TARGET_NAME = CardGame;
			};
			name = Release;
		};
/* End XCBuildConfiguration section */

/* Begin XCConfigurationList section */
		C0C2D1001D8384FF00224BEB /* Build configuration list for PBXProject "CardGame" */ = {
			isa = XCConfigurationList;
			buildConfigurations = (
				C0C2D1301D8384FF00224BEB /* Debug */,
				C0C2D1311D8384FF00224BEB /* Release */,
			);
			defaultConfigurationIsVisible = 0;
			defaultConfigurationName = Release;
		};
		C0C2D1321D8384FF00224BEB /* Build configuration list for PBXNativeTarget "CardGame" */ = {
			isa = XCConfigurationList;
			buildConfigurations = (
				C0C2D1331D8384FF00224BEB /* Debug */,
				C0C2D1341D8384FF00224BEB /* Release */,
			);
			defaultConfigurationIsVisible = 0;
			defaultConfigurationName = Release;
		};
		C0C2D1351D8384FF00224BEB /* Build configuration list for PBXNativeTarget "CardGameTests" */ = {
			isa = XCConfigurationList;
			buildConfigurations = (
				C0C2D1361D8384FF00224BEB /* Debug */,
				C0C2D1371D8384FF00224BEB /* Release */,
			);
			defaultConfigurationIsVisible = 0;
			defaultConfigurationName = Release;
		};
		C0C2D1381D8384FF00224BEB /* Build configuration list for PBXNativeTarget "CardGameUITests" */ = {
			isa = XCConfigurationList;
			buildConfigurations = (
				C0C2D1391D8384FF00224BEB /* Debug */,
				C0C2D13A1D8384FF00224BEB /* Release */,
			);
			defaultConfigurationIsVisible = 0;
			defaultConfigurationName = Release;
		};
/* End XCConfigurationList section */
	};
	rootObject = C0C2D0FD1D8384FF00224BEB /* Project object */;
}
